
Microsoft Visual Studio Solution File, Format Version 12.00
# Visual Studio Version 16
VisualStudioVersion = 16.0.29709.97
MinimumVisualStudioVersion = 10.0.40219.1
Project("{FAE04EC0-301F-11D3-BF4B-00C04F79EFBC}") = "TimeLibrary", "TimeLibrary.csproj", "{727C070E-6B1C-4C57-BA88-D9C3976F123B}"
EndProject
Project("{FAE04EC0-301F-11D3-BF4B-00C04F79EFBC}") = "TimeLibrary.Tests", "TimeLibrary.Tests\TimeLibrary.Tests.csproj", "{58C3341F-C185-4DB0-9C01-B592B967CE0E}"
EndProject
Global
	GlobalSection(SolutionConfigurationPlatforms) = preSolution
		Debug|Any CPU = Debug|Any CPU
		Release|Any CPU = Release|Any CPU
	EndGlobalSection
	GlobalSection(ProjectConfigurationPlatforms) = postSolution
		{727C070E-6B1C-4C57-BA88-D9C3976F123B}.Debug|Any CPU.ActiveCfg = Debug|Any CPU
		{727C070E-6B1C-4C57-BA88-D9C3976F123B}.Debug|Any CPU.Build.0 = Debug|Any CPU
		{727C070E-6B1C-4C57-BA88-D9C3976F123B}.Release|Any CPU.ActiveCfg = Release|Any CPU
		{727C070E-6B1C-4C57-BA88-D9C3976F123B}.Release|Any CPU.Build.0 = Release|Any CPU
		{58C3341F-C185-4DB0-9C01-B592B967CE0E}.Debug|Any CPU.ActiveCfg = Debug|Any CPU
		{58C3341F-C185-4DB0-9C01-B592B967CE0E}.Debug|Any CPU.Build.0 = Debug|Any CPU
		{58C3341F-C185-4DB0-9C01-B592B967CE0E}.Release|Any CPU.ActiveCfg = Release|Any CPU
		{58C3341F-C185-4DB0-9C01-B592B967CE0E}.Release|Any CPU.Build.0 = Release|Any CPU
	EndGlobalSection
	GlobalSection(SolutionProperties) = preSolution
		HideSolutionNode = FALSE
	EndGlobalSection
	GlobalSection(ExtensibilityGlobals) = postSolution
		SolutionGuid = {92F07443-4E0E-48AC-ACE4-5F018FA4B312}
	EndGlobalSection
EndGlobal
